
Microsoft Visual Studio Solution File, Format Version 12.00
# Visual Studio Version 16
VisualStudioVersion = 16.0.31025.194
MinimumVisualStudioVersion = 10.0.40219.1
Project("{FAE04EC0-301F-11D3-BF4B-00C04F79EFBC}") = "ApiClubDeportivo", "ApiClubDeportivo\ApiClubDeportivo.csproj", "{D89D0F78-C975-4E25-B5F9-DD93E83584BB}"
EndProject
Global
	GlobalSection(SolutionConfigurationPlatforms) = preSolution
		Debug|Any CPU = Debug|Any CPU
		Release|Any CPU = Release|Any CPU
	EndGlobalSection
	GlobalSection(ProjectConfigurationPlatforms) = postSolution
		{D89D0F78-C975-4E25-B5F9-DD93E83584BB}.Debug|Any CPU.ActiveCfg = Debug|Any CPU
		{D89D0F78-C975-4E25-B5F9-DD93E83584BB}.Debug|Any CPU.Build.0 = Debug|Any CPU
		{D89D0F78-C975-4E25-B5F9-DD93E83584BB}.Release|Any CPU.ActiveCfg = Release|Any CPU
		{D89D0F78-C975-4E25-B5F9-DD93E83584BB}.Release|Any CPU.Build.0 = Release|Any CPU
	EndGlobalSection
	GlobalSection(SolutionProperties) = preSolution
		HideSolutionNode = FALSE
	EndGlobalSection
	GlobalSection(ExtensibilityGlobals) = postSolution
		SolutionGuid = {556CB3A0-8CB0-4659-9FE1-75A5FDBCF915}
	EndGlobalSection
EndGlobal
